<?xml version="1.0" encoding="utf-8"?>
<Project ToolsVersion="4.0" xmlns="http://schemas.microsoft.com/developer/msbuild/2003">
  <ItemGroup>
    <Filter Include="ソース ファイル">
      <UniqueIdentifier>{4FC737F1-C7A5-4376-A066-2A32D752A2FF}</UniqueIdentifier>
      <Extensions>cpp;c;cc;cxx;def;odl;idl;hpj;bat;asm;asmx</Extensions>
    </Filter>
    <Filter Include="リソース ファイル">
      <UniqueIdentifier>{67DA6AB6-F800-4c08-8B7A-83BB121AAD01}</UniqueIdentifier>
      <Extensions>rc;ico;cur;bmp;dlg;rc2;rct;bin;rgs;gif;jpg;jpeg;jpe;resx;tiff;tif;png;wav;mfcribbon-ms</Extensions>
    </Filter>
    <Filter Include="DXCT">
      <UniqueIdentifier>{f7b9bf78-62f0-455a-8e37-f47414fa898d}</UniqueIdentifier>
    </Filter>
    <Filter Include="ソース ファイル\Scene">
      <UniqueIdentifier>{8500e5f7-5832-4aa6-a015-07de46a18a71}</UniqueIdentifier>
    </Filter>
    <Filter Include="ソース ファイル\Scene\Title">
      <UniqueIdentifier>{df435a0c-a933-48fe-afd6-c0acd0122d1c}</UniqueIdentifier>
    </Filter>
    <Filter Include="GameEngine">
      <UniqueIdentifier>{0c9f098d-2b36-4668-ae27-0e3ef04d05ae}</UniqueIdentifier>
    </Filter>
    <Filter Include="DXCT\D3D">
      <UniqueIdentifier>{cad2c557-ede7-42ee-968c-f0369e768383}</UniqueIdentifier>
    </Filter>
    <Filter Include="GameEngine\Time">
      <UniqueIdentifier>{cdcc5575-98aa-4279-a3fe-bf45f3c01095}</UniqueIdentifier>
    </Filter>
    <Filter Include="GameEngine\Scene">
      <UniqueIdentifier>{250ddd60-72e8-4970-bbc1-fbf1c38bf1dd}</UniqueIdentifier>
    </Filter>
    <Filter Include="GameEngine\Behaviour">
      <UniqueIdentifier>{a21a7c77-bd88-4d20-872e-a1c4fec5d5d5}</UniqueIdentifier>
    </Filter>
    <Filter Include="GameEngine\Behaviour\Renderer">
      <UniqueIdentifier>{65bc915a-c17b-4986-a44c-487c5f5ff71e}</UniqueIdentifier>
    </Filter>
    <Filter Include="ソース ファイル\Behaviours">
      <UniqueIdentifier>{db9817c5-5b2d-4c13-96f7-3c4e4083e7ea}</UniqueIdentifier>
    </Filter>
    <Filter Include="GameEngine\Binder">
      <UniqueIdentifier>{04d20c96-4acf-48ef-ba48-816ff2b3e991}</UniqueIdentifier>
    </Filter>
  </ItemGroup>
  <ItemGroup>
    <ClCompile Include="src\DXCT\Window.cpp">
      <Filter>DXCT</Filter>
    </ClCompile>
    <ClCompile Include="src\DXCT\DXCTException.cpp">
      <Filter>DXCT</Filter>
    </ClCompile>
    <ClCompile Include="src\DXCT\D3D\D3DDevice.cpp">
      <Filter>DXCT\D3D</Filter>
    </ClCompile>
    <ClCompile Include="src\DXCT\D3D\D3DFactory.cpp">
      <Filter>DXCT\D3D</Filter>
    </ClCompile>
    <ClCompile Include="src\DXCT\D3D\D3DModel.cpp">
      <Filter>DXCT\D3D</Filter>
    </ClCompile>
    <ClCompile Include="src\DXCT\D3D\D3DTexture.cpp">
      <Filter>DXCT\D3D</Filter>
    </ClCompile>
    <ClCompile Include="src\Game\main.cpp">
      <Filter>ソース ファイル\Scene</Filter>
    </ClCompile>
    <ClCompile Include="src\Game\TitleScene\TitleScene.cpp">
      <Filter>ソース ファイル\Scene\Title</Filter>
    </ClCompile>
    <ClCompile Include="src\GameEngine\Environment.cpp">
      <Filter>GameEngine</Filter>
    </ClCompile>
    <ClCompile Include="src\GameEngine\GameObject.cpp">
      <Filter>GameEngine</Filter>
    </ClCompile>
    <ClCompile Include="src\GameEngine\MainWindow.cpp">
      <Filter>GameEngine</Filter>
    </ClCompile>
    <ClCompile Include="src\GameEngine\Time\FPSCounter.cpp">
      <Filter>GameEngine\Time</Filter>
    </ClCompile>
    <ClCompile Include="src\GameEngine\Time\StopWatch.cpp">
      <Filter>GameEngine\Time</Filter>
    </ClCompile>
    <ClCompile Include="src\GameEngine\Behaviour\Camera.cpp">
      <Filter>GameEngine\Behaviour</Filter>
    </ClCompile>
    <ClCompile Include="src\GameEngine\Behaviour\Behaviour.cpp">
      <Filter>GameEngine\Behaviour</Filter>
    </ClCompile>
    <ClCompile Include="src\GameEngine\Behaviour\Transform.cpp">
      <Filter>GameEngine\Behaviour</Filter>
    </ClCompile>
    <ClCompile Include="src\GameEngine\Behaviour\Renderer\MeshRenderer.cpp">
      <Filter>GameEngine\Behaviour\Renderer</Filter>
    </ClCompile>
    <ClCompile Include="src\GameEngine\Scene\SceneManager.cpp">
      <Filter>GameEngine\Scene</Filter>
    </ClCompile>
    <ClCompile Include="src\GameEngine\Behaviour\Renderer\RendererBase.cpp">
      <Filter>ソース ファイル</Filter>
    </ClCompile>
    <ClCompile Include="src\DXCT\D3D\D3DXAllocateHierarchy.cpp">
      <Filter>DXCT\D3D</Filter>
    </ClCompile>
    <ClCompile Include="src\GameEngine\Binder\BehaviourBinder.cpp">
      <Filter>GameEngine\Binder</Filter>
    </ClCompile>
  </ItemGroup>
  <ItemGroup>
    <ClInclude Include="src\DXCT\Window.h">
      <Filter>DXCT</Filter>
    </ClInclude>
    <ClInclude Include="src\DXCT\dxct.h">
      <Filter>DXCT</Filter>
    </ClInclude>
    <ClInclude Include="src\DXCT\dxct_D3D.h">
      <Filter>DXCT</Filter>
    </ClInclude>
    <ClInclude Include="src\DXCT\dxct_inner.h">
      <Filter>DXCT</Filter>
    </ClInclude>
    <ClInclude Include="src\DXCT\DXObject.h">
      <Filter>DXCT</Filter>
    </ClInclude>
    <ClInclude Include="src\DXCT\D3D\D3DDevice.h">
      <Filter>DXCT\D3D</Filter>
    </ClInclude>
    <ClInclude Include="src\DXCT\D3D\D3DFactory.h">
      <Filter>DXCT\D3D</Filter>
    </ClInclude>
    <ClInclude Include="src\DXCT\D3D\D3DObject.h">
      <Filter>DXCT\D3D</Filter>
    </ClInclude>
    <ClInclude Include="src\DXCT\D3D\D3DTexture.h">
      <Filter>DXCT\D3D</Filter>
    </ClInclude>
    <ClInclude Include="src\Game\main.h">
      <Filter>ソース ファイル\Scene</Filter>
    </ClInclude>
    <ClInclude Include="src\Game\TitleScene\TitleScene.h">
      <Filter>ソース ファイル\Scene\Title</Filter>
    </ClInclude>
    <ClInclude Include="src\GameEngine\Environment.h">
      <Filter>GameEngine</Filter>
    </ClInclude>
    <ClInclude Include="src\GameEngine\GameObject.h">
      <Filter>GameEngine</Filter>
    </ClInclude>
    <ClInclude Include="src\GameEngine\IRenderer.h">
      <Filter>GameEngine</Filter>
    </ClInclude>
    <ClInclude Include="src\GameEngine\MainWindow.h">
      <Filter>GameEngine</Filter>
    </ClInclude>
    <ClInclude Include="src\GameEngine\Vertex.h">
      <Filter>GameEngine</Filter>
    </ClInclude>
    <ClInclude Include="src\GameEngine\GameEngine_inner.h">
      <Filter>GameEngine</Filter>
    </ClInclude>
    <ClInclude Include="src\DXCT\D3D\IRecoverable.h">
      <Filter>DXCT\D3D</Filter>
    </ClInclude>
    <ClInclude Include="src\DXCT\IReleasable.h">
      <Filter>DXCT</Filter>
    </ClInclude>
    <ClInclude Include="src\GameEngine\GameEngine.h">
      <Filter>GameEngine</Filter>
    </ClInclude>
    <ClInclude Include="src\GameEngine\Time\FPSCounter.h">
      <Filter>GameEngine\Time</Filter>
    </ClInclude>
    <ClInclude Include="src\GameEngine\Time\stopwatch.h">
      <Filter>GameEngine\Time</Filter>
    </ClInclude>
    <ClInclude Include="src\GameEngine\Behaviour\Behaviour.h">
      <Filter>GameEngine\Behaviour</Filter>
    </ClInclude>
    <ClInclude Include="src\GameEngine\Behaviour\Camera.h">
      <Filter>GameEngine\Behaviour</Filter>
    </ClInclude>
    <ClInclude Include="src\GameEngine\Behaviour\Transform.h">
      <Filter>GameEngine\Behaviour</Filter>
    </ClInclude>
    <ClInclude Include="src\GameEngine\Scene\SceneManager.h">
      <Filter>GameEngine\Scene</Filter>
    </ClInclude>
    <ClInclude Include="src\GameEngine\Scene\SceneBase.h">
      <Filter>GameEngine\Scene</Filter>
    </ClInclude>
    <ClInclude Include="src\GameEngine\Behaviour\Renderer\RendererBase.h">
      <Filter>GameEngine\Behaviour\Renderer</Filter>
    </ClInclude>
    <ClInclude Include="src\GameEngine\Behaviour\Renderer\MeshRenderer.h">
      <Filter>GameEngine\Behaviour\Renderer</Filter>
    </ClInclude>
    <ClInclude Include="src\DXCT\D3D\D3DXAllocateHierarchy.h">
      <Filter>DXCT\D3D</Filter>
    </ClInclude>
    <ClInclude Include="src\GameEngine\Binder\BehaviourBinder.h">
      <Filter>GameEngine\Binder</Filter>
    </ClInclude>
  </ItemGroup>
</Project>